// !$*UTF8*$!
{
	archiveVersion = 1;
	classes = {
	};
	objectVersion = 46;
	objects = {

/* Begin PBXBuildFile section */
		0A77CA5C18B94045005230B0 /* Foundation.framework in Frameworks */ = {isa = PBXBuildFile; fileRef = 0A77CA5B18B94045005230B0 /* Foundation.framework */; };
		0A77CA6A18B94045005230B0 /* XCTest.framework in Frameworks */ = {isa = PBXBuildFile; fileRef = 0A77CA6918B94045005230B0 /* XCTest.framework */; };
		0A77CA6B18B94045005230B0 /* Foundation.framework in Frameworks */ = {isa = PBXBuildFile; fileRef = 0A77CA5B18B94045005230B0 /* Foundation.framework */; };
		0A77CA6D18B94045005230B0 /* UIKit.framework in Frameworks */ = {isa = PBXBuildFile; fileRef = 0A77CA6C18B94045005230B0 /* UIKit.framework */; };
		0A77CA7018B94045005230B0 /* libLeech.a in Frameworks */ = {isa = PBXBuildFile; fileRef = 0A77CA5818B94045005230B0 /* libLeech.a */; };
		0A77CA7618B94045005230B0 /* InfoPlist.strings in Resources */ = {isa = PBXBuildFile; fileRef = 0A77CA7418B94045005230B0 /* InfoPlist.strings */; };
		0A77CA8418B942EA005230B0 /* MethodSwizzlerTests.m in Sources */ = {isa = PBXBuildFile; fileRef = 0A77CA8318B942EA005230B0 /* MethodSwizzlerTests.m */; };
		0A77CA8818B94398005230B0 /* LTTMethodSwizzler.m in Sources */ = {isa = PBXBuildFile; fileRef = 0A77CA8718B94398005230B0 /* LTTMethodSwizzler.m */; };
		0A77CA8918B94398005230B0 /* LTTMethodSwizzler.m in Sources */ = {isa = PBXBuildFile; fileRef = 0A77CA8718B94398005230B0 /* LTTMethodSwizzler.m */; };
		0A77CA8E18BA9EB5005230B0 /* UIViewControllerTests.m in Sources */ = {isa = PBXBuildFile; fileRef = 0A77CA8D18BA9EB5005230B0 /* UIViewControllerTests.m */; };
		0A77CA9118BAA05C005230B0 /* UIViewController+Leech.m in Sources */ = {isa = PBXBuildFile; fileRef = 0A77CA9018BAA05C005230B0 /* UIViewController+Leech.m */; };
		0A77CA9218BAA05C005230B0 /* UIViewController+Leech.m in Sources */ = {isa = PBXBuildFile; fileRef = 0A77CA9018BAA05C005230B0 /* UIViewController+Leech.m */; };
		0A77CA9518BAA17B005230B0 /* TestViewController.m in Sources */ = {isa = PBXBuildFile; fileRef = 0A77CA9418BAA17B005230B0 /* TestViewController.m */; };
		0A77CA9B18BABC89005230B0 /* LTTMockNotificationCenter.m in Sources */ = {isa = PBXBuildFile; fileRef = 0A77CA9A18BABC89005230B0 /* LTTMockNotificationCenter.m */; };
		0A77CA9C18BABC89005230B0 /* LTTMockNotificationCenter.m in Sources */ = {isa = PBXBuildFile; fileRef = 0A77CA9A18BABC89005230B0 /* LTTMockNotificationCenter.m */; };
		0A77CA9E18BABCAE005230B0 /* MockNotificationCenterTests.m in Sources */ = {isa = PBXBuildFile; fileRef = 0A77CA9D18BABCAE005230B0 /* MockNotificationCenterTests.m */; };
		0A77CAA118BABCE3005230B0 /* LTTFakeNotificationDispatchEntry.m in Sources */ = {isa = PBXBuildFile; fileRef = 0A77CAA018BABCE3005230B0 /* LTTFakeNotificationDispatchEntry.m */; };
		0A77CAA218BABCE3005230B0 /* LTTFakeNotificationDispatchEntry.m in Sources */ = {isa = PBXBuildFile; fileRef = 0A77CAA018BABCE3005230B0 /* LTTFakeNotificationDispatchEntry.m */; };
		0AC33AAF18BD107D00D3F342 /* Leech.h in Copy Files */ = {isa = PBXBuildFile; fileRef = 0AC33AAE18BD0DA100D3F342 /* Leech.h */; };
		0AC33ABC18BD321F00D3F342 /* MockHTTPResponseTests.m in Sources */ = {isa = PBXBuildFile; fileRef = 0AC33ABB18BD321F00D3F342 /* MockHTTPResponseTests.m */; };
		0AC33ABF18BD325700D3F342 /* LTTMockHTTPResponse.m in Sources */ = {isa = PBXBuildFile; fileRef = 0AC33ABE18BD325700D3F342 /* LTTMockHTTPResponse.m */; };
		0AC33AC018BD325700D3F342 /* LTTMockHTTPResponse.m in Sources */ = {isa = PBXBuildFile; fileRef = 0AC33ABE18BD325700D3F342 /* LTTMockHTTPResponse.m */; };
		0AC33AC318BD3D3C00D3F342 /* Boston City Flow.jpg in Resources */ = {isa = PBXBuildFile; fileRef = 0AC33AC218BD3D3C00D3F342 /* Boston City Flow.jpg */; };
		0AC33AC418BD3F7100D3F342 /* LTTFakeNotificationDispatchEntry.h in Copy Files */ = {isa = PBXBuildFile; fileRef = 0A77CA9F18BABCE3005230B0 /* LTTFakeNotificationDispatchEntry.h */; };
		0AC33AC518BD3F7100D3F342 /* LTTMethodSwizzler.h in Copy Files */ = {isa = PBXBuildFile; fileRef = 0A77CA8618B94398005230B0 /* LTTMethodSwizzler.h */; };
		0AC33AC618BD3F7100D3F342 /* LTTMockHTTPResponse.h in Copy Files */ = {isa = PBXBuildFile; fileRef = 0AC33ABD18BD325700D3F342 /* LTTMockHTTPResponse.h */; };
		0AC33AC718BD3F7100D3F342 /* LTTMockNotificationCenter.h in Copy Files */ = {isa = PBXBuildFile; fileRef = 0A77CA9918BABC89005230B0 /* LTTMockNotificationCenter.h */; };
		0AC33AC818BD3F7100D3F342 /* UIViewController+Leech.h in Copy Files */ = {isa = PBXBuildFile; fileRef = 0A77CA8F18BAA05C005230B0 /* UIViewController+Leech.h */; };
		0AC33AD018BDC58500D3F342 /* MockURLDataTaskTests.m in Sources */ = {isa = PBXBuildFile; fileRef = 0AC33ACF18BDC58500D3F342 /* MockURLDataTaskTests.m */; };
		0AC33AD318BDC5DB00D3F342 /* LTTMockURLDataTask.m in Sources */ = {isa = PBXBuildFile; fileRef = 0AC33AD218BDC5DB00D3F342 /* LTTMockURLDataTask.m */; };
		0AC33AD418BDC5DB00D3F342 /* LTTMockURLDataTask.m in Sources */ = {isa = PBXBuildFile; fileRef = 0AC33AD218BDC5DB00D3F342 /* LTTMockURLDataTask.m */; };
/* End PBXBuildFile section */

/* Begin PBXContainerItemProxy section */
		0A77CA6E18B94045005230B0 /* PBXContainerItemProxy */ = {
			isa = PBXContainerItemProxy;
			containerPortal = 0A77CA5018B94045005230B0 /* Project object */;
			proxyType = 1;
			remoteGlobalIDString = 0A77CA5718B94045005230B0;
			remoteInfo = Leech;
		};
/* End PBXContainerItemProxy section */

/* Begin PBXCopyFilesBuildPhase section */
		0A77CA5618B94045005230B0 /* Copy Files */ = {
			isa = PBXCopyFilesBuildPhase;
			buildActionMask = 2147483647;
			dstPath = "include/$(PRODUCT_NAME)";
			dstSubfolderSpec = 16;
			files = (
				0AC33AD518BDC7D400D3F342 /* LTTMockURLDataTask.h in Copy Files */,
				0AC33AC418BD3F7100D3F342 /* LTTFakeNotificationDispatchEntry.h in Copy Files */,
				0AC33AC518BD3F7100D3F342 /* LTTMethodSwizzler.h in Copy Files */,
				0AC33AC618BD3F7100D3F342 /* LTTMockHTTPResponse.h in Copy Files */,
				0AC33AC718BD3F7100D3F342 /* LTTMockNotificationCenter.h in Copy Files */,
				0AC33AC818BD3F7100D3F342 /* UIViewController+Leech.h in Copy Files */,
				0AC33AAF18BD107D00D3F342 /* Leech.h in Copy Files */,
			);
			name = "Copy Files";
			runOnlyForDeploymentPostprocessing = 0;
		};
/* End PBXCopyFilesBuildPhase section */

/* Begin PBXFileReference section */
		0A77CA5818B94045005230B0 /* libLeech.a */ = {isa = PBXFileReference; explicitFileType = archive.ar; includeInIndex = 0; path = libLeech.a; sourceTree = BUILT_PRODUCTS_DIR; };
		0A77CA5B18B94045005230B0 /* Foundation.framework */ = {isa = PBXFileReference; lastKnownFileType = wrapper.framework; name = Foundation.framework; path = System/Library/Frameworks/Foundation.framework; sourceTree = SDKROOT; };
		0A77CA5F18B94045005230B0 /* Leech-Prefix.pch */ = {isa = PBXFileReference; lastKnownFileType = sourcecode.c.h; path = "Leech-Prefix.pch"; sourceTree = "<group>"; };
		0A77CA6818B94045005230B0 /* LeechTests.xctest */ = {isa = PBXFileReference; explicitFileType = wrapper.cfbundle; includeInIndex = 0; path = LeechTests.xctest; sourceTree = BUILT_PRODUCTS_DIR; };
		0A77CA6918B94045005230B0 /* XCTest.framework */ = {isa = PBXFileReference; lastKnownFileType = wrapper.framework; name = XCTest.framework; path = Library/Frameworks/XCTest.framework; sourceTree = DEVELOPER_DIR; };
		0A77CA6C18B94045005230B0 /* UIKit.framework */ = {isa = PBXFileReference; lastKnownFileType = wrapper.framework; name = UIKit.framework; path = Library/Frameworks/UIKit.framework; sourceTree = DEVELOPER_DIR; };
		0A77CA7318B94045005230B0 /* LeechTests-Info.plist */ = {isa = PBXFileReference; lastKnownFileType = text.plist.xml; path = "LeechTests-Info.plist"; sourceTree = "<group>"; };
		0A77CA7518B94045005230B0 /* en */ = {isa = PBXFileReference; lastKnownFileType = text.plist.strings; name = en; path = en.lproj/InfoPlist.strings; sourceTree = "<group>"; };
		0A77CA8318B942EA005230B0 /* MethodSwizzlerTests.m */ = {isa = PBXFileReference; fileEncoding = 4; lastKnownFileType = sourcecode.c.objc; path = MethodSwizzlerTests.m; sourceTree = "<group>"; };
		0A77CA8618B94398005230B0 /* LTTMethodSwizzler.h */ = {isa = PBXFileReference; fileEncoding = 4; lastKnownFileType = sourcecode.c.h; path = LTTMethodSwizzler.h; sourceTree = "<group>"; };
		0A77CA8718B94398005230B0 /* LTTMethodSwizzler.m */ = {isa = PBXFileReference; fileEncoding = 4; lastKnownFileType = sourcecode.c.objc; path = LTTMethodSwizzler.m; sourceTree = "<group>"; };
		0A77CA8A18B94AE1005230B0 /* libobjc.dylib */ = {isa = PBXFileReference; lastKnownFileType = "compiled.mach-o.dylib"; name = libobjc.dylib; path = usr/lib/libobjc.dylib; sourceTree = SDKROOT; };
		0A77CA8D18BA9EB5005230B0 /* UIViewControllerTests.m */ = {isa = PBXFileReference; fileEncoding = 4; lastKnownFileType = sourcecode.c.objc; path = UIViewControllerTests.m; sourceTree = "<group>"; };
		0A77CA8F18BAA05C005230B0 /* UIViewController+Leech.h */ = {isa = PBXFileReference; fileEncoding = 4; lastKnownFileType = sourcecode.c.h; path = "UIViewController+Leech.h"; sourceTree = "<group>"; };
		0A77CA9018BAA05C005230B0 /* UIViewController+Leech.m */ = {isa = PBXFileReference; fileEncoding = 4; lastKnownFileType = sourcecode.c.objc; path = "UIViewController+Leech.m"; sourceTree = "<group>"; };
		0A77CA9318BAA17B005230B0 /* TestViewController.h */ = {isa = PBXFileReference; fileEncoding = 4; lastKnownFileType = sourcecode.c.h; path = TestViewController.h; sourceTree = "<group>"; };
		0A77CA9418BAA17B005230B0 /* TestViewController.m */ = {isa = PBXFileReference; fileEncoding = 4; lastKnownFileType = sourcecode.c.objc; path = TestViewController.m; sourceTree = "<group>"; };
		0A77CA9918BABC89005230B0 /* LTTMockNotificationCenter.h */ = {isa = PBXFileReference; fileEncoding = 4; lastKnownFileType = sourcecode.c.h; path = LTTMockNotificationCenter.h; sourceTree = "<group>"; };
		0A77CA9A18BABC89005230B0 /* LTTMockNotificationCenter.m */ = {isa = PBXFileReference; fileEncoding = 4; lastKnownFileType = sourcecode.c.objc; path = LTTMockNotificationCenter.m; sourceTree = "<group>"; };
		0A77CA9D18BABCAE005230B0 /* MockNotificationCenterTests.m */ = {isa = PBXFileReference; fileEncoding = 4; lastKnownFileType = sourcecode.c.objc; path = MockNotificationCenterTests.m; sourceTree = "<group>"; };
		0A77CA9F18BABCE3005230B0 /* LTTFakeNotificationDispatchEntry.h */ = {isa = PBXFileReference; fileEncoding = 4; lastKnownFileType = sourcecode.c.h; path = LTTFakeNotificationDispatchEntry.h; sourceTree = "<group>"; };
		0A77CAA018BABCE3005230B0 /* LTTFakeNotificationDispatchEntry.m */ = {isa = PBXFileReference; fileEncoding = 4; lastKnownFileType = sourcecode.c.objc; path = LTTFakeNotificationDispatchEntry.m; sourceTree = "<group>"; };
		0AC33AAE18BD0DA100D3F342 /* Leech.h */ = {isa = PBXFileReference; lastKnownFileType = sourcecode.c.h; path = Leech.h; sourceTree = "<group>"; };
		0AC33ABB18BD321F00D3F342 /* MockHTTPResponseTests.m */ = {isa = PBXFileReference; fileEncoding = 4; lastKnownFileType = sourcecode.c.objc; path = MockHTTPResponseTests.m; sourceTree = "<group>"; };
		0AC33ABD18BD325700D3F342 /* LTTMockHTTPResponse.h */ = {isa = PBXFileReference; fileEncoding = 4; lastKnownFileType = sourcecode.c.h; path = LTTMockHTTPResponse.h; sourceTree = "<group>"; };
		0AC33ABE18BD325700D3F342 /* LTTMockHTTPResponse.m */ = {isa = PBXFileReference; fileEncoding = 4; lastKnownFileType = sourcecode.c.objc; path = LTTMockHTTPResponse.m; sourceTree = "<group>"; };
		0AC33AC218BD3D3C00D3F342 /* Boston City Flow.jpg */ = {isa = PBXFileReference; lastKnownFileType = image.jpeg; path = "Boston City Flow.jpg"; sourceTree = "<group>"; };
		0AC33ACF18BDC58500D3F342 /* MockURLDataTaskTests.m */ = {isa = PBXFileReference; fileEncoding = 4; lastKnownFileType = sourcecode.c.objc; path = MockURLDataTaskTests.m; sourceTree = "<group>"; };
		0AC33AD118BDC5DB00D3F342 /* LTTMockURLDataTask.h */ = {isa = PBXFileReference; fileEncoding = 4; lastKnownFileType = sourcecode.c.h; path = LTTMockURLDataTask.h; sourceTree = "<group>"; };
		0AC33AD218BDC5DB00D3F342 /* LTTMockURLDataTask.m */ = {isa = PBXFileReference; fileEncoding = 4; lastKnownFileType = sourcecode.c.objc; path = LTTMockURLDataTask.m; sourceTree = "<group>"; };
/* End PBXFileReference section */

/* Begin PBXFrameworksBuildPhase section */
		0A77CA5518B94045005230B0 /* Frameworks */ = {
			isa = PBXFrameworksBuildPhase;
			buildActionMask = 2147483647;
			files = (
				0A77CA5C18B94045005230B0 /* Foundation.framework in Frameworks */,
			);
			runOnlyForDeploymentPostprocessing = 0;
		};
		0A77CA6518B94045005230B0 /* Frameworks */ = {
			isa = PBXFrameworksBuildPhase;
			buildActionMask = 2147483647;
			files = (
				0A77CA6A18B94045005230B0 /* XCTest.framework in Frameworks */,
				0A77CA7018B94045005230B0 /* libLeech.a in Frameworks */,
				0A77CA6D18B94045005230B0 /* UIKit.framework in Frameworks */,
				0A77CA6B18B94045005230B0 /* Foundation.framework in Frameworks */,
			);
			runOnlyForDeploymentPostprocessing = 0;
		};
/* End PBXFrameworksBuildPhase section */

/* Begin PBXGroup section */
		0A77CA4F18B94045005230B0 = {
			isa = PBXGroup;
			children = (
				0A77CA5D18B94045005230B0 /* Leech */,
				0A77CA7118B94045005230B0 /* LeechTests */,
				0A77CA5A18B94045005230B0 /* Frameworks */,
				0A77CA5918B94045005230B0 /* Products */,
			);
			sourceTree = "<group>";
		};
		0A77CA5918B94045005230B0 /* Products */ = {
			isa = PBXGroup;
			children = (
				0A77CA5818B94045005230B0 /* libLeech.a */,
				0A77CA6818B94045005230B0 /* LeechTests.xctest */,
			);
			name = Products;
			sourceTree = "<group>";
		};
		0A77CA5A18B94045005230B0 /* Frameworks */ = {
			isa = PBXGroup;
			children = (
				0A77CA8A18B94AE1005230B0 /* libobjc.dylib */,
				0A77CA5B18B94045005230B0 /* Foundation.framework */,
				0A77CA6918B94045005230B0 /* XCTest.framework */,
				0A77CA6C18B94045005230B0 /* UIKit.framework */,
			);
			name = Frameworks;
			sourceTree = "<group>";
		};
		0A77CA5D18B94045005230B0 /* Leech */ = {
			isa = PBXGroup;
			children = (
				0AC33AAE18BD0DA100D3F342 /* Leech.h */,
				0A77CA9F18BABCE3005230B0 /* LTTFakeNotificationDispatchEntry.h */,
				0A77CAA018BABCE3005230B0 /* LTTFakeNotificationDispatchEntry.m */,
				0A77CA8618B94398005230B0 /* LTTMethodSwizzler.h */,
				0A77CA8718B94398005230B0 /* LTTMethodSwizzler.m */,
				0AC33ABD18BD325700D3F342 /* LTTMockHTTPResponse.h */,
				0AC33ABE18BD325700D3F342 /* LTTMockHTTPResponse.m */,
				0A77CA9918BABC89005230B0 /* LTTMockNotificationCenter.h */,
				0A77CA9A18BABC89005230B0 /* LTTMockNotificationCenter.m */,
				0AC33AD118BDC5DB00D3F342 /* LTTMockURLDataTask.h */,
				0AC33AD218BDC5DB00D3F342 /* LTTMockURLDataTask.m */,
				0A77CA5E18B94045005230B0 /* Supporting Files */,
				0A77CA8F18BAA05C005230B0 /* UIViewController+Leech.h */,
				0A77CA9018BAA05C005230B0 /* UIViewController+Leech.m */,
			);
			path = Leech;
			sourceTree = "<group>";
		};
		0A77CA5E18B94045005230B0 /* Supporting Files */ = {
			isa = PBXGroup;
			children = (
				0A77CA5F18B94045005230B0 /* Leech-Prefix.pch */,
			);
			name = "Supporting Files";
			sourceTree = "<group>";
		};
		0A77CA7118B94045005230B0 /* LeechTests */ = {
			isa = PBXGroup;
			children = (
				0AC33AC118BD3CF600D3F342 /* Sample Data */,
				0A77CA9618BAA180005230B0 /* Mocks+ */,
				0A77CA7218B94045005230B0 /* Supporting Files */,
				0A77CA8518B942EF005230B0 /* Test Classes */,
			);
			path = LeechTests;
			sourceTree = "<group>";
		};
		0A77CA7218B94045005230B0 /* Supporting Files */ = {
			isa = PBXGroup;
			children = (
				0A77CA7318B94045005230B0 /* LeechTests-Info.plist */,
				0A77CA7418B94045005230B0 /* InfoPlist.strings */,
			);
			name = "Supporting Files";
			sourceTree = "<group>";
		};
		0A77CA8518B942EF005230B0 /* Test Classes */ = {
			isa = PBXGroup;
			children = (
				0A77CA8318B942EA005230B0 /* MethodSwizzlerTests.m */,
				0AC33ABB18BD321F00D3F342 /* MockHTTPResponseTests.m */,
				0A77CA9D18BABCAE005230B0 /* MockNotificationCenterTests.m */,
				0AC33ACF18BDC58500D3F342 /* MockURLDataTaskTests.m */,
				0A77CA8D18BA9EB5005230B0 /* UIViewControllerTests.m */,
			);
			name = "Test Classes";
			sourceTree = "<group>";
		};
		0A77CA9618BAA180005230B0 /* Mocks+ */ = {
			isa = PBXGroup;
			children = (
				0A77CA9318BAA17B005230B0 /* TestViewController.h */,
				0A77CA9418BAA17B005230B0 /* TestViewController.m */,
			);
			name = "Mocks+";
			sourceTree = "<group>";
		};
		0AC33AC118BD3CF600D3F342 /* Sample Data */ = {
			isa = PBXGroup;
			children = (
				0AC33AC218BD3D3C00D3F342 /* Boston City Flow.jpg */,
			);
			name = "Sample Data";
			sourceTree = "<group>";
		};
/* End PBXGroup section */

/* Begin PBXNativeTarget section */
		0A77CA5718B94045005230B0 /* Leech */ = {
			isa = PBXNativeTarget;
			buildConfigurationList = 0A77CA7B18B94045005230B0 /* Build configuration list for PBXNativeTarget "Leech" */;
			buildPhases = (
				0A77CA5418B94045005230B0 /* Sources */,
				0A77CA5518B94045005230B0 /* Frameworks */,
				0A77CA5618B94045005230B0 /* Copy Files */,
			);
			buildRules = (
			);
			dependencies = (
			);
			name = Leech;
			productName = Leech;
			productReference = 0A77CA5818B94045005230B0 /* libLeech.a */;
			productType = "com.apple.product-type.library.static";
		};
		0A77CA6718B94045005230B0 /* LeechTests */ = {
			isa = PBXNativeTarget;
			buildConfigurationList = 0A77CA7E18B94045005230B0 /* Build configuration list for PBXNativeTarget "LeechTests" */;
			buildPhases = (
				0A77CA6418B94045005230B0 /* Sources */,
				0A77CA6518B94045005230B0 /* Frameworks */,
				0A77CA6618B94045005230B0 /* Resources */,
			);
			buildRules = (
			);
			dependencies = (
				0A77CA6F18B94045005230B0 /* PBXTargetDependency */,
			);
			name = LeechTests;
			productName = LeechTests;
			productReference = 0A77CA6818B94045005230B0 /* LeechTests.xctest */;
			productType = "com.apple.product-type.bundle.unit-test";
		};
/* End PBXNativeTarget section */

/* Begin PBXProject section */
		0A77CA5018B94045005230B0 /* Project object */ = {
			isa = PBXProject;
			attributes = {
				CLASSPREFIX = LTT;
				LastUpgradeCheck = 0510;
				ORGANIZATIONNAME = "Swagger Soft";
			};
			buildConfigurationList = 0A77CA5318B94045005230B0 /* Build configuration list for PBXProject "Leech" */;
			compatibilityVersion = "Xcode 3.2";
			developmentRegion = English;
			hasScannedForEncodings = 0;
			knownRegions = (
				en,
			);
			mainGroup = 0A77CA4F18B94045005230B0;
			productRefGroup = 0A77CA5918B94045005230B0 /* Products */;
			projectDirPath = "";
			projectRoot = "";
			targets = (
				0A77CA5718B94045005230B0 /* Leech */,
				0A77CA6718B94045005230B0 /* LeechTests */,
			);
		};
/* End PBXProject section */

/* Begin PBXResourcesBuildPhase section */
		0A77CA6618B94045005230B0 /* Resources */ = {
			isa = PBXResourcesBuildPhase;
			buildActionMask = 2147483647;
			files = (
				0A77CA7618B94045005230B0 /* InfoPlist.strings in Resources */,
				0AC33AC318BD3D3C00D3F342 /* Boston City Flow.jpg in Resources */,
			);
			runOnlyForDeploymentPostprocessing = 0;
		};
/* End PBXResourcesBuildPhase section */

/* Begin PBXSourcesBuildPhase section */
		0A77CA5418B94045005230B0 /* Sources */ = {
			isa = PBXSourcesBuildPhase;
			buildActionMask = 2147483647;
			files = (
				0AC33ABF18BD325700D3F342 /* LTTMockHTTPResponse.m in Sources */,
				0A77CA9118BAA05C005230B0 /* UIViewController+Leech.m in Sources */,
				0A77CA8818B94398005230B0 /* LTTMethodSwizzler.m in Sources */,
				0A77CAA118BABCE3005230B0 /* LTTFakeNotificationDispatchEntry.m in Sources */,
				0AC33AD318BDC5DB00D3F342 /* LTTMockURLDataTask.m in Sources */,
				0A77CA9B18BABC89005230B0 /* LTTMockNotificationCenter.m in Sources */,
			);
			runOnlyForDeploymentPostprocessing = 0;
		};
		0A77CA6418B94045005230B0 /* Sources */ = {
			isa = PBXSourcesBuildPhase;
			buildActionMask = 2147483647;
			files = (
				0A77CA9218BAA05C005230B0 /* UIViewController+Leech.m in Sources */,
				0A77CA8418B942EA005230B0 /* MethodSwizzlerTests.m in Sources */,
				0A77CAA218BABCE3005230B0 /* LTTFakeNotificationDispatchEntry.m in Sources */,
				0A77CA8E18BA9EB5005230B0 /* UIViewControllerTests.m in Sources */,
				0AC33AD418BDC5DB00D3F342 /* LTTMockURLDataTask.m in Sources */,
				0AC33ABC18BD321F00D3F342 /* MockHTTPResponseTests.m in Sources */,
				0AC33AC018BD325700D3F342 /* LTTMockHTTPResponse.m in Sources */,
				0A77CA9E18BABCAE005230B0 /* MockNotificationCenterTests.m in Sources */,
				0A77CA9C18BABC89005230B0 /* LTTMockNotificationCenter.m in Sources */,
				0A77CA8918B94398005230B0 /* LTTMethodSwizzler.m in Sources */,
				0AC33AD018BDC58500D3F342 /* MockURLDataTaskTests.m in Sources */,
				0A77CA9518BAA17B005230B0 /* TestViewController.m in Sources */,
			);
			runOnlyForDeploymentPostprocessing = 0;
		};
/* End PBXSourcesBuildPhase section */

/* Begin PBXTargetDependency section */
		0A77CA6F18B94045005230B0 /* PBXTargetDependency */ = {
			isa = PBXTargetDependency;
			target = 0A77CA5718B94045005230B0 /* Leech */;
			targetProxy = 0A77CA6E18B94045005230B0 /* PBXContainerItemProxy */;
		};
/* End PBXTargetDependency section */

/* Begin PBXVariantGroup section */
		0A77CA7418B94045005230B0 /* InfoPlist.strings */ = {
			isa = PBXVariantGroup;
			children = (
				0A77CA7518B94045005230B0 /* en */,
			);
			name = InfoPlist.strings;
			sourceTree = "<group>";
		};
/* End PBXVariantGroup section */

/* Begin XCBuildConfiguration section */
		0A77CA7918B94045005230B0 /* Debug */ = {
			isa = XCBuildConfiguration;
			buildSettings = {
				ALWAYS_SEARCH_USER_PATHS = NO;
				CLANG_CXX_LANGUAGE_STANDARD = "gnu++0x";
				CLANG_CXX_LIBRARY = "libc++";
				CLANG_ENABLE_MODULES = YES;
				CLANG_ENABLE_OBJC_ARC = YES;
				CLANG_WARN_BOOL_CONVERSION = YES;
				CLANG_WARN_CONSTANT_CONVERSION = YES;
				CLANG_WARN_DIRECT_OBJC_ISA_USAGE = YES_ERROR;
				CLANG_WARN_EMPTY_BODY = YES;
				CLANG_WARN_ENUM_CONVERSION = YES;
				CLANG_WARN_INT_CONVERSION = YES;
				CLANG_WARN_OBJC_ROOT_CLASS = YES_ERROR;
				CLANG_WARN__DUPLICATE_METHOD_MATCH = YES;
				COPY_PHASE_STRIP = NO;
				GCC_C_LANGUAGE_STANDARD = gnu99;
				GCC_DYNAMIC_NO_PIC = NO;
				GCC_OPTIMIZATION_LEVEL = 0;
				GCC_PREPROCESSOR_DEFINITIONS = (
					"DEBUG=1",
					"$(inherited)",
				);
				GCC_SYMBOLS_PRIVATE_EXTERN = NO;
				GCC_WARN_64_TO_32_BIT_CONVERSION = YES;
				GCC_WARN_ABOUT_RETURN_TYPE = YES_ERROR;
				GCC_WARN_UNDECLARED_SELECTOR = YES;
				GCC_WARN_UNINITIALIZED_AUTOS = YES_AGGRESSIVE;
				GCC_WARN_UNUSED_FUNCTION = YES;
				GCC_WARN_UNUSED_VARIABLE = YES;
				IPHONEOS_DEPLOYMENT_TARGET = 7.1;
				ONLY_ACTIVE_ARCH = YES;
				SDKROOT = iphoneos;
			};
			name = Debug;
		};
		0A77CA7A18B94045005230B0 /* Release */ = {
			isa = XCBuildConfiguration;
			buildSettings = {
				ALWAYS_SEARCH_USER_PATHS = NO;
				CLANG_CXX_LANGUAGE_STANDARD = "gnu++0x";
				CLANG_CXX_LIBRARY = "libc++";
				CLANG_ENABLE_MODULES = YES;
				CLANG_ENABLE_OBJC_ARC = YES;
				CLANG_WARN_BOOL_CONVERSION = YES;
				CLANG_WARN_CONSTANT_CONVERSION = YES;
				CLANG_WARN_DIRECT_OBJC_ISA_USAGE = YES_ERROR;
				CLANG_WARN_EMPTY_BODY = YES;
				CLANG_WARN_ENUM_CONVERSION = YES;
				CLANG_WARN_INT_CONVERSION = YES;
				CLANG_WARN_OBJC_ROOT_CLASS = YES_ERROR;
				CLANG_WARN__DUPLICATE_METHOD_MATCH = YES;
				COPY_PHASE_STRIP = YES;
				ENABLE_NS_ASSERTIONS = NO;
				GCC_C_LANGUAGE_STANDARD = gnu99;
				GCC_WARN_64_TO_32_BIT_CONVERSION = YES;
				GCC_WARN_ABOUT_RETURN_TYPE = YES_ERROR;
				GCC_WARN_UNDECLARED_SELECTOR = YES;
				GCC_WARN_UNINITIALIZED_AUTOS = YES_AGGRESSIVE;
				GCC_WARN_UNUSED_FUNCTION = YES;
				GCC_WARN_UNUSED_VARIABLE = YES;
				IPHONEOS_DEPLOYMENT_TARGET = 7.1;
				SDKROOT = iphoneos;
				VALIDATE_PRODUCT = YES;
			};
			name = Release;
		};
		0A77CA7C18B94045005230B0 /* Debug */ = {
			isa = XCBuildConfiguration;
			buildSettings = {
				DSTROOT = /tmp/Leech.dst;
				GCC_PRECOMPILE_PREFIX_HEADER = YES;
				GCC_PREFIX_HEADER = "Leech/Leech-Prefix.pch";
				OTHER_LDFLAGS = "-ObjC";
				PRODUCT_NAME = "$(TARGET_NAME)";
				SKIP_INSTALL = YES;
			};
			name = Debug;
		};
		0A77CA7D18B94045005230B0 /* Release */ = {
			isa = XCBuildConfiguration;
			buildSettings = {
				DSTROOT = /tmp/Leech.dst;
				GCC_PRECOMPILE_PREFIX_HEADER = YES;
				GCC_PREFIX_HEADER = "Leech/Leech-Prefix.pch";
				OTHER_LDFLAGS = "-ObjC";
				PRODUCT_NAME = "$(TARGET_NAME)";
				SKIP_INSTALL = YES;
			};
			name = Release;
		};
		0A77CA7F18B94045005230B0 /* Debug */ = {
			isa = XCBuildConfiguration;
			buildSettings = {
				FRAMEWORK_SEARCH_PATHS = (
					"$(SDKROOT)/Developer/Library/Frameworks",
					"$(inherited)",
					"$(DEVELOPER_FRAMEWORKS_DIR)",
				);
				GCC_PRECOMPILE_PREFIX_HEADER = YES;
				GCC_PREFIX_HEADER = "Leech/Leech-Prefix.pch";
				GCC_PREPROCESSOR_DEFINITIONS = (
					"DEBUG=1",
					"$(inherited)",
				);
				INFOPLIST_FILE = "LeechTests/LeechTests-Info.plist";
				PRODUCT_NAME = "$(TARGET_NAME)";
				WRAPPER_EXTENSION = xctest;
			};
			name = Debug;
		};
		0A77CA8018B94045005230B0 /* Release */ = {
			isa = XCBuildConfiguration;
			buildSettings = {
				FRAMEWORK_SEARCH_PATHS = (
					"$(SDKROOT)/Developer/Library/Frameworks",
					"$(inherited)",
					"$(DEVELOPER_FRAMEWORKS_DIR)",
				);
				GCC_PRECOMPILE_PREFIX_HEADER = YES;
				GCC_PREFIX_HEADER = "Leech/Leech-Prefix.pch";
				INFOPLIST_FILE = "LeechTests/LeechTests-Info.plist";
				PRODUCT_NAME = "$(TARGET_NAME)";
				WRAPPER_EXTENSION = xctest;
			};
			name = Release;
		};
/* End XCBuildConfiguration section */

/* Begin XCConfigurationList section */
		0A77CA5318B94045005230B0 /* Build configuration list for PBXProject "Leech" */ = {
			isa = XCConfigurationList;
			buildConfigurations = (
				0A77CA7918B94045005230B0 /* Debug */,
				0A77CA7A18B94045005230B0 /* Release */,
			);
			defaultConfigurationIsVisible = 0;
			defaultConfigurationName = Release;
		};
		0A77CA7B18B94045005230B0 /* Build configuration list for PBXNativeTarget "Leech" */ = {
			isa = XCConfigurationList;
			buildConfigurations = (
				0A77CA7C18B94045005230B0 /* Debug */,
				0A77CA7D18B94045005230B0 /* Release */,
			);
			defaultConfigurationIsVisible = 0;
			defaultConfigurationName = Release;
		};
		0A77CA7E18B94045005230B0 /* Build configuration list for PBXNativeTarget "LeechTests" */ = {
			isa = XCConfigurationList;
			buildConfigurations = (
				0A77CA7F18B94045005230B0 /* Debug */,
				0A77CA8018B94045005230B0 /* Release */,
			);
			defaultConfigurationIsVisible = 0;
			defaultConfigurationName = Release;
		};
/* End XCConfigurationList section */
	};
	rootObject = 0A77CA5018B94045005230B0 /* Project object */;
}
